
Microsoft Visual Studio Solution File, Format Version 12.00
# Visual Studio Version 16
VisualStudioVersion = 16.0.32602.291
MinimumVisualStudioVersion = 10.0.40219.1
Project("{FAE04EC0-301F-11D3-BF4B-00C04F79EFBC}") = "ASP.NET-MVC-CRUD-Toanhq", "ASP.NET-MVC-CRUD-Toanhq\ASP.NET-MVC-CRUD-Toanhq.csproj", "{670B23B0-CBBE-41EB-91AA-709AB1356548}"
EndProject
Global
	GlobalSection(SolutionConfigurationPlatforms) = preSolution
		Debug|Any CPU = Debug|Any CPU
		Release|Any CPU = Release|Any CPU
	EndGlobalSection
	GlobalSection(ProjectConfigurationPlatforms) = postSolution
		{670B23B0-CBBE-41EB-91AA-709AB1356548}.Debug|Any CPU.ActiveCfg = Debug|Any CPU
		{670B23B0-CBBE-41EB-91AA-709AB1356548}.Debug|Any CPU.Build.0 = Debug|Any CPU
		{670B23B0-CBBE-41EB-91AA-709AB1356548}.Release|Any CPU.ActiveCfg = Release|Any CPU
		{670B23B0-CBBE-41EB-91AA-709AB1356548}.Release|Any CPU.Build.0 = Release|Any CPU
	EndGlobalSection
	GlobalSection(SolutionProperties) = preSolution
		HideSolutionNode = FALSE
	EndGlobalSection
	GlobalSection(ExtensibilityGlobals) = postSolution
		SolutionGuid = {F808166D-6159-4064-9A8F-25F9709730BC}
	EndGlobalSection
EndGlobal
